
Microsoft Visual Studio Solution File, Format Version 12.00
# Visual Studio 15
VisualStudioVersion = 15.0.27428.2015
MinimumVisualStudioVersion = 10.0.40219.1
Project("{FAE04EC0-301F-11D3-BF4B-00C04F79EFBC}") = "Task2", "Task2\Task2.csproj", "{A466B459-8FC4-4BAC-A77D-E7380F14CDFB}"
EndProject
Global
	GlobalSection(SolutionConfigurationPlatforms) = preSolution
		Debug|Any CPU = Debug|Any CPU
		Release|Any CPU = Release|Any CPU
	EndGlobalSection
	GlobalSection(ProjectConfigurationPlatforms) = postSolution
		{A466B459-8FC4-4BAC-A77D-E7380F14CDFB}.Debug|Any CPU.ActiveCfg = Debug|Any CPU
		{A466B459-8FC4-4BAC-A77D-E7380F14CDFB}.Debug|Any CPU.Build.0 = Debug|Any CPU
		{A466B459-8FC4-4BAC-A77D-E7380F14CDFB}.Release|Any CPU.ActiveCfg = Release|Any CPU
		{A466B459-8FC4-4BAC-A77D-E7380F14CDFB}.Release|Any CPU.Build.0 = Release|Any CPU
	EndGlobalSection
	GlobalSection(SolutionProperties) = preSolution
		HideSolutionNode = FALSE
	EndGlobalSection
	GlobalSection(ExtensibilityGlobals) = postSolution
		SolutionGuid = {F7EB035E-81C4-40B6-AA1C-DCA7F4D41013}
	EndGlobalSection
EndGlobal
