
Microsoft Visual Studio Solution File, Format Version 12.00
# Visual Studio 15
VisualStudioVersion = 15.0.27428.2015
MinimumVisualStudioVersion = 10.0.40219.1
Project("{FAE04EC0-301F-11D3-BF4B-00C04F79EFBC}") = "Task7", "Task7\Task7.csproj", "{285B0090-8D03-4F12-ADB7-692718DE7CB9}"
EndProject
Global
	GlobalSection(SolutionConfigurationPlatforms) = preSolution
		Debug|Any CPU = Debug|Any CPU
		Release|Any CPU = Release|Any CPU
	EndGlobalSection
	GlobalSection(ProjectConfigurationPlatforms) = postSolution
		{285B0090-8D03-4F12-ADB7-692718DE7CB9}.Debug|Any CPU.ActiveCfg = Debug|Any CPU
		{285B0090-8D03-4F12-ADB7-692718DE7CB9}.Debug|Any CPU.Build.0 = Debug|Any CPU
		{285B0090-8D03-4F12-ADB7-692718DE7CB9}.Release|Any CPU.ActiveCfg = Release|Any CPU
		{285B0090-8D03-4F12-ADB7-692718DE7CB9}.Release|Any CPU.Build.0 = Release|Any CPU
	EndGlobalSection
	GlobalSection(SolutionProperties) = preSolution
		HideSolutionNode = FALSE
	EndGlobalSection
	GlobalSection(ExtensibilityGlobals) = postSolution
		SolutionGuid = {82E7F8CD-02FD-49AA-AF41-FE10871C7656}
	EndGlobalSection
EndGlobal
