
Microsoft Visual Studio Solution File, Format Version 12.00
# Visual Studio 15
VisualStudioVersion = 15.0.27428.2015
MinimumVisualStudioVersion = 10.0.40219.1
Project("{FAE04EC0-301F-11D3-BF4B-00C04F79EFBC}") = "Task5", "Task5\Task5.csproj", "{727DAC1D-E7CC-4A8D-BC55-18E626907EA5}"
EndProject
Global
	GlobalSection(SolutionConfigurationPlatforms) = preSolution
		Debug|Any CPU = Debug|Any CPU
		Release|Any CPU = Release|Any CPU
	EndGlobalSection
	GlobalSection(ProjectConfigurationPlatforms) = postSolution
		{727DAC1D-E7CC-4A8D-BC55-18E626907EA5}.Debug|Any CPU.ActiveCfg = Debug|Any CPU
		{727DAC1D-E7CC-4A8D-BC55-18E626907EA5}.Debug|Any CPU.Build.0 = Debug|Any CPU
		{727DAC1D-E7CC-4A8D-BC55-18E626907EA5}.Release|Any CPU.ActiveCfg = Release|Any CPU
		{727DAC1D-E7CC-4A8D-BC55-18E626907EA5}.Release|Any CPU.Build.0 = Release|Any CPU
	EndGlobalSection
	GlobalSection(SolutionProperties) = preSolution
		HideSolutionNode = FALSE
	EndGlobalSection
	GlobalSection(ExtensibilityGlobals) = postSolution
		SolutionGuid = {01A61C07-3C72-48CB-9AA6-A318F467372D}
	EndGlobalSection
EndGlobal
